
Microsoft Visual Studio Solution File, Format Version 12.00
# Visual Studio 15
VisualStudioVersion = 15.0.27428.2037
MinimumVisualStudioVersion = 10.0.40219.1
Project("{FAE04EC0-301F-11D3-BF4B-00C04F79EFBC}") = "SportcalAngular", "SportcalAngular\SportcalAngular.csproj", "{260D90AC-FA94-417A-9C48-77E2214A59DF}"
EndProject
Global
	GlobalSection(SolutionConfigurationPlatforms) = preSolution
		Debug|Any CPU = Debug|Any CPU
		Release|Any CPU = Release|Any CPU
	EndGlobalSection
	GlobalSection(ProjectConfigurationPlatforms) = postSolution
		{260D90AC-FA94-417A-9C48-77E2214A59DF}.Debug|Any CPU.ActiveCfg = Debug|Any CPU
		{260D90AC-FA94-417A-9C48-77E2214A59DF}.Debug|Any CPU.Build.0 = Debug|Any CPU
		{260D90AC-FA94-417A-9C48-77E2214A59DF}.Release|Any CPU.ActiveCfg = Release|Any CPU
		{260D90AC-FA94-417A-9C48-77E2214A59DF}.Release|Any CPU.Build.0 = Release|Any CPU
	EndGlobalSection
	GlobalSection(SolutionProperties) = preSolution
		HideSolutionNode = FALSE
	EndGlobalSection
	GlobalSection(ExtensibilityGlobals) = postSolution
		SolutionGuid = {4DE4C4DA-9B2C-4747-8F31-8A984264AD14}
	EndGlobalSection
EndGlobal
